
Microsoft Visual Studio Solution File, Format Version 12.00
Project("{FAE04EC0-301F-11D3-BF4B-00C04F79EFBC}") = "JsonParseSample01", "JsonParseSample01\JsonParseSample01.csproj", "{E8968589-C87F-42E8-A483-4FE010B60E00}"
EndProject
Global
	GlobalSection(SolutionConfigurationPlatforms) = preSolution
		Debug|Any CPU = Debug|Any CPU
		Release|Any CPU = Release|Any CPU
	EndGlobalSection
	GlobalSection(ProjectConfigurationPlatforms) = postSolution
		{E8968589-C87F-42E8-A483-4FE010B60E00}.Debug|Any CPU.ActiveCfg = Debug|Any CPU
		{E8968589-C87F-42E8-A483-4FE010B60E00}.Debug|Any CPU.Build.0 = Debug|Any CPU
		{E8968589-C87F-42E8-A483-4FE010B60E00}.Release|Any CPU.ActiveCfg = Release|Any CPU
		{E8968589-C87F-42E8-A483-4FE010B60E00}.Release|Any CPU.Build.0 = Release|Any CPU
	EndGlobalSection
EndGlobal
